<Solution>
  <Configurations>
    <Platform Name="x64" />
    <Platform Name="x86" />
  </Configurations>
  <Folder Name="/Tests/">
    <Project Path="Tests/Tests.ThreadCounter/Tests.ThreadCounter.vcxproj" />
  </Folder>
  <Project Path="LFStack/LFStack.vcxproj" Id="62088b9b-c6e0-45bf-85fd-fe68eb5bd00a" />
</Solution>
